
Microsoft Visual Studio Solution File, Format Version 12.00
# Visual Studio Version 16
VisualStudioVersion = 16.0.31515.178
MinimumVisualStudioVersion = 10.0.40219.1
Project("{FAE04EC0-301F-11D3-BF4B-00C04F79EFBC}") = "WorkWithIdentity", "WorkWithIdentity\WorkWithIdentity.csproj", "{E1293519-1FB5-4C49-B4A5-4FC3FD815A79}"
EndProject
Global
	GlobalSection(SolutionConfigurationPlatforms) = preSolution
		Debug|Any CPU = Debug|Any CPU
		Release|Any CPU = Release|Any CPU
	EndGlobalSection
	GlobalSection(ProjectConfigurationPlatforms) = postSolution
		{E1293519-1FB5-4C49-B4A5-4FC3FD815A79}.Debug|Any CPU.ActiveCfg = Debug|Any CPU
		{E1293519-1FB5-4C49-B4A5-4FC3FD815A79}.Debug|Any CPU.Build.0 = Debug|Any CPU
		{E1293519-1FB5-4C49-B4A5-4FC3FD815A79}.Release|Any CPU.ActiveCfg = Release|Any CPU
		{E1293519-1FB5-4C49-B4A5-4FC3FD815A79}.Release|Any CPU.Build.0 = Release|Any CPU
	EndGlobalSection
	GlobalSection(SolutionProperties) = preSolution
		HideSolutionNode = FALSE
	EndGlobalSection
	GlobalSection(ExtensibilityGlobals) = postSolution
		SolutionGuid = {3FCC6300-6946-44DF-B05D-4E62F3ED27DA}
	EndGlobalSection
EndGlobal
